
Microsoft Visual Studio Solution File, Format Version 12.00
# Visual Studio Version 17
VisualStudioVersion = 17.14.36408.4
MinimumVisualStudioVersion = 10.0.40219.1
Project("{FAE04EC0-301F-11D3-BF4B-00C04F79EFBC}") = "FlatOutOnlineMP", "FlatOutOnlineMP\FlatOutOnlineMP.csproj", "{58AFCAEF-F749-4E17-BC13-2FA21441D455}"
EndProject
Global
	GlobalSection(SolutionConfigurationPlatforms) = preSolution
		Debug|x86 = Debug|x86
		Release|x86 = Release|x86
	EndGlobalSection
	GlobalSection(ProjectConfigurationPlatforms) = postSolution
		{58AFCAEF-F749-4E17-BC13-2FA21441D455}.Debug|x86.ActiveCfg = Debug|x86
		{58AFCAEF-F749-4E17-BC13-2FA21441D455}.Debug|x86.Build.0 = Debug|x86
		{58AFCAEF-F749-4E17-BC13-2FA21441D455}.Release|x86.ActiveCfg = Release|x86
		{58AFCAEF-F749-4E17-BC13-2FA21441D455}.Release|x86.Build.0 = Release|x86
	EndGlobalSection
	GlobalSection(SolutionProperties) = preSolution
		HideSolutionNode = FALSE
	EndGlobalSection
	GlobalSection(ExtensibilityGlobals) = postSolution
		SolutionGuid = {FE6619A1-C5BD-4F4F-AB79-2FABB699B147}
	EndGlobalSection
EndGlobal
